
Microsoft Visual Studio Solution File, Format Version 12.00
# Visual Studio Version 17
VisualStudioVersion = 17.10.35122.118
MinimumVisualStudioVersion = 10.0.40219.1
Project("{FAE04EC0-301F-11D3-BF4B-00C04F79EFBC}") = "FutureValCal", "FutureValCal\FutureValCal.csproj", "{42668F15-D87B-4EDF-87A8-E746764F3102}"
EndProject
Global
	GlobalSection(SolutionConfigurationPlatforms) = preSolution
		Debug|Any CPU = Debug|Any CPU
		Release|Any CPU = Release|Any CPU
	EndGlobalSection
	GlobalSection(ProjectConfigurationPlatforms) = postSolution
		{42668F15-D87B-4EDF-87A8-E746764F3102}.Debug|Any CPU.ActiveCfg = Debug|Any CPU
		{42668F15-D87B-4EDF-87A8-E746764F3102}.Debug|Any CPU.Build.0 = Debug|Any CPU
		{42668F15-D87B-4EDF-87A8-E746764F3102}.Release|Any CPU.ActiveCfg = Release|Any CPU
		{42668F15-D87B-4EDF-87A8-E746764F3102}.Release|Any CPU.Build.0 = Release|Any CPU
	EndGlobalSection
	GlobalSection(SolutionProperties) = preSolution
		HideSolutionNode = FALSE
	EndGlobalSection
	GlobalSection(ExtensibilityGlobals) = postSolution
		SolutionGuid = {2AA73ED2-2E2E-4745-AC36-2184221B8077}
	EndGlobalSection
EndGlobal
